
Microsoft Visual Studio Solution File, Format Version 12.00
# Visual Studio 15
VisualStudioVersion = 15.0.28307.421
MinimumVisualStudioVersion = 10.0.40219.1
Project("{FAE04EC0-301F-11D3-BF4B-00C04F79EFBC}") = "NestedObjectsSample", "NestedObjectsSample\NestedObjectsSample.csproj", "{FB766B6F-2052-4432-BFD8-CED8D272E195}"
EndProject
Global
	GlobalSection(SolutionConfigurationPlatforms) = preSolution
		Debug|Any CPU = Debug|Any CPU
		Release|Any CPU = Release|Any CPU
	EndGlobalSection
	GlobalSection(ProjectConfigurationPlatforms) = postSolution
		{FB766B6F-2052-4432-BFD8-CED8D272E195}.Debug|Any CPU.ActiveCfg = Debug|Any CPU
		{FB766B6F-2052-4432-BFD8-CED8D272E195}.Debug|Any CPU.Build.0 = Debug|Any CPU
		{FB766B6F-2052-4432-BFD8-CED8D272E195}.Release|Any CPU.ActiveCfg = Release|Any CPU
		{FB766B6F-2052-4432-BFD8-CED8D272E195}.Release|Any CPU.Build.0 = Release|Any CPU
	EndGlobalSection
	GlobalSection(SolutionProperties) = preSolution
		HideSolutionNode = FALSE
	EndGlobalSection
	GlobalSection(ExtensibilityGlobals) = postSolution
		SolutionGuid = {D11D1A5C-2820-4274-B323-DC23B7D02434}
	EndGlobalSection
EndGlobal
